{
  "name": "jenkins.io-node-tooling",
  "version": "1.0.0",
  "lockfileVersion": 1,
  "requires": true,
  "dependencies": {
    "anchor-js": {
      "version": "4.2.0",
      "resolved": "https://registry.npmjs.org/anchor-js/-/anchor-js-4.2.0.tgz",
      "integrity": "sha512-qIh35DLc0YNlRD6k39ULIPNI6iHxFFhtaJr02I7ttsh31bhZjeSa3jjEUx1/sQ4zPOyxrUhuXGuWl981ZLNzBQ=="
    },
    "bootstrap": {
      "version": "4.3.1",
      "resolved": "https://registry.npmjs.org/bootstrap/-/bootstrap-4.3.1.tgz",
      "integrity": "sha512-rXqOmH1VilAt2DyPzluTi2blhk17bO7ef+zLLPlWvG494pDxcM234pJ8wTc/6R40UWizAIIMgxjvxZg5kmsbag=="
    },
    "ionicons": {
      "version": "4.5.5",
      "resolved": "https://registry.npmjs.org/ionicons/-/ionicons-4.5.5.tgz",
      "integrity": "sha512-dIGI73XG6Fg2Ps77ry5Ywe36Pq7wUGkDkl0pBhC4uhsiyoW+oXe+pplmarXEnKEcB5fmlkRrBOxYYzZaoRiUGw=="
    },
    "jquery": {
      "version": "3.3.1",
      "resolved": "https://registry.npmjs.org/jquery/-/jquery-3.3.1.tgz",
      "integrity": "sha512-Ubldcmxp5np52/ENotGxlLe6aGMvmF4R8S6tZjsP6Knsaxd/xp3Zrh50cG93lR6nPXyUFwzN3ZSOQI0wRJNdGg=="
    },
    "popper.js": {
      "version": "1.14.7",
      "resolved": "https://registry.npmjs.org/popper.js/-/popper.js-1.14.7.tgz",
      "integrity": "sha512-4q1hNvoUre/8srWsH7hnoSJ5xVmIL4qgz+s4qf2TnJIMyZFUFMGH+9vE7mXynAlHSZ/NdTmmow86muD0myUkVQ=="
    },
    "tether": {
      "version": "1.4.5",
      "resolved": "https://registry.npmjs.org/tether/-/tether-1.4.5.tgz",
      "integrity": "sha512-fysT1Gug2wbRi7a6waeu39yVDwiNtvwj5m9eRD+qZDSHKNghLo6KqP/U3yM2ap6TNUL2skjXGJaJJTJqoC31vw=="
    }
  }
}
