{
  "name": "jenkins.io-node-tooling",
  "version": "1.0.0",
  "lockfileVersion": 1,
  "requires": true,
  "dependencies": {
    "anchor-js": {
      "version": "4.1.1",
      "resolved": "https://registry.npmjs.org/anchor-js/-/anchor-js-4.1.1.tgz",
      "integrity": "sha512-c2Wl9F1X0C4jkYKLla1SNE2uI6xJrSKsRC7HCCg4yLNQ5sL5D+tDEWrjRaoTuTlMTqBCnF6kOuR3dx59Erxpvw=="
    },
    "bootstrap": {
      "version": "4.1.3",
      "resolved": "https://registry.npmjs.org/bootstrap/-/bootstrap-4.1.3.tgz",
      "integrity": "sha512-rDFIzgXcof0jDyjNosjv4Sno77X4KuPeFxG2XZZv1/Kc8DRVGVADdoQyyOVDwPqL36DDmtCQbrpMCqvpPLJQ0w=="
    },
    "ionicons": {
      "version": "4.4.4",
      "resolved": "https://registry.npmjs.org/ionicons/-/ionicons-4.4.4.tgz",
      "integrity": "sha512-HOcxF+pFHQQA4x7zy1eyuzTsaJzyyKKGYGsqvMMnB26rvp9sTKjA8JDZ4L4GRSNWliHC/oXbBoidglJa/0kiPA=="
    },
    "jquery": {
      "version": "3.3.1",
      "resolved": "https://registry.npmjs.org/jquery/-/jquery-3.3.1.tgz",
      "integrity": "sha512-Ubldcmxp5np52/ENotGxlLe6aGMvmF4R8S6tZjsP6Knsaxd/xp3Zrh50cG93lR6nPXyUFwzN3ZSOQI0wRJNdGg=="
    },
    "popper.js": {
      "version": "1.14.4",
      "resolved": "https://registry.npmjs.org/popper.js/-/popper.js-1.14.4.tgz",
      "integrity": "sha1-juwdj/AqWjoVLdQ0FKFce3n9abY="
    },
    "tether": {
      "version": "1.4.5",
      "resolved": "https://registry.npmjs.org/tether/-/tether-1.4.5.tgz",
      "integrity": "sha512-fysT1Gug2wbRi7a6waeu39yVDwiNtvwj5m9eRD+qZDSHKNghLo6KqP/U3yM2ap6TNUL2skjXGJaJJTJqoC31vw=="
    }
  }
}
